
Microsoft Visual Studio Solution File, Format Version 12.00
# Visual Studio Version 16
VisualStudioVersion = 16.0.30225.117
MinimumVisualStudioVersion = 10.0.40219.1
Project("{FAE04EC0-301F-11D3-BF4B-00C04F79EFBC}") = "01.MathOperation", "01.MathOperation\01.MathOperation.csproj", "{8310872D-3D6B-433B-A395-E09ED375A6F4}"
EndProject
Project("{FAE04EC0-301F-11D3-BF4B-00C04F79EFBC}") = "Animals", "Animals\Animals.csproj", "{A5F920BE-09CF-48FC-A40E-D1099D0A5F53}"
EndProject
Project("{FAE04EC0-301F-11D3-BF4B-00C04F79EFBC}") = "Shapes", "Shapes\Shapes.csproj", "{8DC5D211-2B9A-423C-8ADF-F39A4C6474A2}"
EndProject
Global
	GlobalSection(SolutionConfigurationPlatforms) = preSolution
		Debug|Any CPU = Debug|Any CPU
		Release|Any CPU = Release|Any CPU
	EndGlobalSection
	GlobalSection(ProjectConfigurationPlatforms) = postSolution
		{8310872D-3D6B-433B-A395-E09ED375A6F4}.Debug|Any CPU.ActiveCfg = Debug|Any CPU
		{8310872D-3D6B-433B-A395-E09ED375A6F4}.Debug|Any CPU.Build.0 = Debug|Any CPU
		{8310872D-3D6B-433B-A395-E09ED375A6F4}.Release|Any CPU.ActiveCfg = Release|Any CPU
		{8310872D-3D6B-433B-A395-E09ED375A6F4}.Release|Any CPU.Build.0 = Release|Any CPU
		{A5F920BE-09CF-48FC-A40E-D1099D0A5F53}.Debug|Any CPU.ActiveCfg = Debug|Any CPU
		{A5F920BE-09CF-48FC-A40E-D1099D0A5F53}.Debug|Any CPU.Build.0 = Debug|Any CPU
		{A5F920BE-09CF-48FC-A40E-D1099D0A5F53}.Release|Any CPU.ActiveCfg = Release|Any CPU
		{A5F920BE-09CF-48FC-A40E-D1099D0A5F53}.Release|Any CPU.Build.0 = Release|Any CPU
		{8DC5D211-2B9A-423C-8ADF-F39A4C6474A2}.Debug|Any CPU.ActiveCfg = Debug|Any CPU
		{8DC5D211-2B9A-423C-8ADF-F39A4C6474A2}.Debug|Any CPU.Build.0 = Debug|Any CPU
		{8DC5D211-2B9A-423C-8ADF-F39A4C6474A2}.Release|Any CPU.ActiveCfg = Release|Any CPU
		{8DC5D211-2B9A-423C-8ADF-F39A4C6474A2}.Release|Any CPU.Build.0 = Release|Any CPU
	EndGlobalSection
	GlobalSection(SolutionProperties) = preSolution
		HideSolutionNode = FALSE
	EndGlobalSection
	GlobalSection(ExtensibilityGlobals) = postSolution
		SolutionGuid = {DA5A4830-3CD1-4C59-978A-D0D5576B13FE}
	EndGlobalSection
EndGlobal
