
Microsoft Visual Studio Solution File, Format Version 12.00
# Visual Studio Version 16
VisualStudioVersion = 16.0.30225.117
MinimumVisualStudioVersion = 10.0.40219.1
Project("{9A19103F-16F7-4668-BE54-9A1E7A4F7556}") = "Stealer", "Stealer\Stealer.csproj", "{2DEAC998-3339-4CA2-8E72-EAEE61AF8E36}"
EndProject
Project("{FAE04EC0-301F-11D3-BF4B-00C04F79EFBC}") = "AuthorProblem", "AuthorProblem\AuthorProblem.csproj", "{9BF82132-37EC-4076-9529-68BC5AF26282}"
EndProject
Global
	GlobalSection(SolutionConfigurationPlatforms) = preSolution
		Debug|Any CPU = Debug|Any CPU
		Release|Any CPU = Release|Any CPU
	EndGlobalSection
	GlobalSection(ProjectConfigurationPlatforms) = postSolution
		{2DEAC998-3339-4CA2-8E72-EAEE61AF8E36}.Debug|Any CPU.ActiveCfg = Debug|Any CPU
		{2DEAC998-3339-4CA2-8E72-EAEE61AF8E36}.Debug|Any CPU.Build.0 = Debug|Any CPU
		{2DEAC998-3339-4CA2-8E72-EAEE61AF8E36}.Release|Any CPU.ActiveCfg = Release|Any CPU
		{2DEAC998-3339-4CA2-8E72-EAEE61AF8E36}.Release|Any CPU.Build.0 = Release|Any CPU
		{9BF82132-37EC-4076-9529-68BC5AF26282}.Debug|Any CPU.ActiveCfg = Debug|Any CPU
		{9BF82132-37EC-4076-9529-68BC5AF26282}.Debug|Any CPU.Build.0 = Debug|Any CPU
		{9BF82132-37EC-4076-9529-68BC5AF26282}.Release|Any CPU.ActiveCfg = Release|Any CPU
		{9BF82132-37EC-4076-9529-68BC5AF26282}.Release|Any CPU.Build.0 = Release|Any CPU
	EndGlobalSection
	GlobalSection(SolutionProperties) = preSolution
		HideSolutionNode = FALSE
	EndGlobalSection
	GlobalSection(ExtensibilityGlobals) = postSolution
		SolutionGuid = {034760E9-2D06-4F97-8BDD-F3CC1608E95F}
	EndGlobalSection
EndGlobal
